
Microsoft Visual Studio Solution File, Format Version 12.00
# Visual Studio 15
VisualStudioVersion = 15.0.27004.2002
MinimumVisualStudioVersion = 10.0.40219.1
Project("{FAE04EC0-301F-11D3-BF4B-00C04F79EFBC}") = "DogStancer", "DogStancer\DogStancer.csproj", "{1B8730E5-CE60-4A72-B315-D050A949FE85}"
EndProject
Global
	GlobalSection(SolutionConfigurationPlatforms) = preSolution
		Debug|Any CPU = Debug|Any CPU
		Release|Any CPU = Release|Any CPU
	EndGlobalSection
	GlobalSection(ProjectConfigurationPlatforms) = postSolution
		{1B8730E5-CE60-4A72-B315-D050A949FE85}.Debug|Any CPU.ActiveCfg = Debug|Any CPU
		{1B8730E5-CE60-4A72-B315-D050A949FE85}.Debug|Any CPU.Build.0 = Debug|Any CPU
		{1B8730E5-CE60-4A72-B315-D050A949FE85}.Release|Any CPU.ActiveCfg = Release|Any CPU
		{1B8730E5-CE60-4A72-B315-D050A949FE85}.Release|Any CPU.Build.0 = Release|Any CPU
	EndGlobalSection
	GlobalSection(SolutionProperties) = preSolution
		HideSolutionNode = FALSE
	EndGlobalSection
	GlobalSection(ExtensibilityGlobals) = postSolution
		SolutionGuid = {4D80D688-FCBD-47FA-A3B6-0FF07994BCA1}
	EndGlobalSection
EndGlobal
